PODS:
  - AFNetworking (2.5.3):
    - AFNetworking/NSURLConnection (= 2.5.3)
    - AFNetworking/NSURLSession (= 2.5.3)
    - AFNetworking/Reachability (= 2.5.3)
    - AFNetworking/Security (= 2.5.3)
    - AFNetworking/Serialization (= 2.5.3)
    - AFNetworking/UIKit (= 2.5.3)
  - AFNetworking/NSURLConnection (2.5.3):
    - AFNetworking/Reachability
    - AFNetworking/Security
    - AFNetworking/Serialization
  - AFNetworking/NSURLSession (2.5.3):
    - AFNetworking/Reachability
    - AFNetworking/Security
    - AFNetworking/Serialization
  - AFNetworking/Reachability (2.5.3)
  - AFNetworking/Security (2.5.3)
  - AFNetworking/Serialization (2.5.3)
  - AFNetworking/UIKit (2.5.3):
    - AFNetworking/NSURLConnection
    - AFNetworking/NSURLSession
  - Base64 (1.0.1)
  - BlocksKit (2.2.5):
    - BlocksKit/All (= 2.2.5)
  - BlocksKit/All (2.2.5):
    - BlocksKit/Core
    - BlocksKit/DynamicDelegate
    - BlocksKit/MessageUI
    - BlocksKit/UIKit
  - BlocksKit/Core (2.2.5)
  - BlocksKit/DynamicDelegate (2.2.5)
  - BlocksKit/MessageUI (2.2.5):
    - BlocksKit/Core
    - BlocksKit/DynamicDelegate
  - BlocksKit/UIKit (2.2.5):
    - BlocksKit/Core
    - BlocksKit/DynamicDelegate
  - MBProgressHUD (0.9.1)
  - MD5Digest (0.1.0)
  - SBJson (4.0.1)
  - SDWebImage (3.7.2):
    - SDWebImage/Core (= 3.7.2)
  - SDWebImage/Core (3.7.2)
  - TPKeyboardAvoiding (1.2.6)

DEPENDENCIES:
  - AFNetworking (~> 2.5.3)
  - Base64 (~> 1.0.1)
  - BlocksKit (~> 2.2.5)
  - MBProgressHUD (~> 0.9)
  - MD5Digest (~> 0.1.0)
  - SBJson (~> 4.0.1)
  - SDWebImage (~> 3.7.1)
  - TPKeyboardAvoiding (~> 1.2.4)

SPEC CHECKSUMS:
  AFNetworking: e1d86c2a96bb5d2e7408da36149806706ee122fe
  Base64: 4924bf3ca6fa559a5161ef717291bd450eb7bd1a
  BlocksKit: 7f422b971407001178d181a43b99014ea2591fe6
  MBProgressHUD: c47f2c166c126cf2ce36498d80f33e754d4e93ad
  MD5Digest: 99bcccfc389c5b7a0edaf66beb80fbc7596a3b65
  SBJson: 68f16f446bd6047dc3dd1ec4919a468c2cd7fedd
  SDWebImage: 71b7cdc1d1721d6a82ed62889030225f2c249e29
  TPKeyboardAvoiding: ee4dd35e3bb7bb64bfbda47e7cc9ba872ff10f77

COCOAPODS: 0.37.0
